
Microsoft Visual Studio Solution File, Format Version 12.00
# Visual Studio Version 17
VisualStudioVersion = 17.0.31903.59
MinimumVisualStudioVersion = 10.0.40219.1
Project("{FAE04EC0-301F-11D3-BF4B-00C04F79EFBC}") = "api", "api\api.csproj", "{EEB75CD7-ABCE-43F3-8ED9-12A917C6C10F}"
EndProject
Project("{FAE04EC0-301F-11D3-BF4B-00C04F79EFBC}") = "client", "client\client.csproj", "{A2088E77-24AD-431F-BCEB-AC6B17F978A0}"
EndProject
Global
	GlobalSection(SolutionConfigurationPlatforms) = preSolution
		Debug|Any CPU = Debug|Any CPU
		Release|Any CPU = Release|Any CPU
	EndGlobalSection
	GlobalSection(SolutionProperties) = preSolution
		HideSolutionNode = FALSE
	EndGlobalSection
	GlobalSection(ProjectConfigurationPlatforms) = postSolution
		{EEB75CD7-ABCE-43F3-8ED9-12A917C6C10F}.Debug|Any CPU.ActiveCfg = Debug|Any CPU
		{EEB75CD7-ABCE-43F3-8ED9-12A917C6C10F}.Debug|Any CPU.Build.0 = Debug|Any CPU
		{EEB75CD7-ABCE-43F3-8ED9-12A917C6C10F}.Release|Any CPU.ActiveCfg = Release|Any CPU
		{EEB75CD7-ABCE-43F3-8ED9-12A917C6C10F}.Release|Any CPU.Build.0 = Release|Any CPU
		{A2088E77-24AD-431F-BCEB-AC6B17F978A0}.Debug|Any CPU.ActiveCfg = Debug|Any CPU
		{A2088E77-24AD-431F-BCEB-AC6B17F978A0}.Debug|Any CPU.Build.0 = Debug|Any CPU
		{A2088E77-24AD-431F-BCEB-AC6B17F978A0}.Release|Any CPU.ActiveCfg = Release|Any CPU
		{A2088E77-24AD-431F-BCEB-AC6B17F978A0}.Release|Any CPU.Build.0 = Release|Any CPU
	EndGlobalSection
EndGlobal
